
Microsoft Visual Studio Solution File, Format Version 12.00
# Visual Studio 15
VisualStudioVersion = 15.0.28307.438
MinimumVisualStudioVersion = 10.0.40219.1
Project("{FAE04EC0-301F-11D3-BF4B-00C04F79EFBC}") = "MainProgram", "MainProgram\MainProgram.csproj", "{96A4C451-3F6E-4192-A273-4776E892BB4D}"
EndProject
Project("{FAE04EC0-301F-11D3-BF4B-00C04F79EFBC}") = "DAO", "DAO\DAO.csproj", "{4AFCAD35-889B-4BF4-8B41-BD97A23CACB5}"
EndProject
Project("{840C416C-B8F3-42BC-B0DD-F6BB14C9F8CB}") = "Installer", "Installer\Installer.aiproj", "{806D91C4-A85B-4AD9-84A7-6B4DB89E8C09}"
EndProject
Project("{FAE04EC0-301F-11D3-BF4B-00C04F79EFBC}") = "DTO", "DTO\DTO.csproj", "{16698C06-C5A2-4750-876C-F483DB78BE97}"
EndProject
Global
	GlobalSection(SolutionConfigurationPlatforms) = preSolution
		All|Any CPU = All|Any CPU
		All|ARM = All|ARM
		All|ARM64 = All|ARM64
		All|x64 = All|x64
		All|x86 = All|x86
		Debug|Any CPU = Debug|Any CPU
		Debug|ARM = Debug|ARM
		Debug|ARM64 = Debug|ARM64
		Debug|x64 = Debug|x64
		Debug|x86 = Debug|x86
		Release|Any CPU = Release|Any CPU
		Release|ARM = Release|ARM
		Release|ARM64 = Release|ARM64
		Release|x64 = Release|x64
		Release|x86 = Release|x86
	EndGlobalSection
	GlobalSection(ProjectConfigurationPlatforms) = postSolution
		{96A4C451-3F6E-4192-A273-4776E892BB4D}.All|Any CPU.ActiveCfg = Release|Any CPU
		{96A4C451-3F6E-4192-A273-4776E892BB4D}.All|Any CPU.Build.0 = Release|Any CPU
		{96A4C451-3F6E-4192-A273-4776E892BB4D}.All|ARM.ActiveCfg = Release|Any CPU
		{96A4C451-3F6E-4192-A273-4776E892BB4D}.All|ARM.Build.0 = Release|Any CPU
		{96A4C451-3F6E-4192-A273-4776E892BB4D}.All|ARM64.ActiveCfg = Release|Any CPU
		{96A4C451-3F6E-4192-A273-4776E892BB4D}.All|ARM64.Build.0 = Release|Any CPU
		{96A4C451-3F6E-4192-A273-4776E892BB4D}.All|x64.ActiveCfg = Release|Any CPU
		{96A4C451-3F6E-4192-A273-4776E892BB4D}.All|x64.Build.0 = Release|Any CPU
		{96A4C451-3F6E-4192-A273-4776E892BB4D}.All|x86.ActiveCfg = Release|Any CPU
		{96A4C451-3F6E-4192-A273-4776E892BB4D}.All|x86.Build.0 = Release|Any CPU
		{96A4C451-3F6E-4192-A273-4776E892BB4D}.Debug|Any CPU.ActiveCfg = Debug|Any CPU
		{96A4C451-3F6E-4192-A273-4776E892BB4D}.Debug|Any CPU.Build.0 = Debug|Any CPU
		{96A4C451-3F6E-4192-A273-4776E892BB4D}.Debug|ARM.ActiveCfg = Debug|Any CPU
		{96A4C451-3F6E-4192-A273-4776E892BB4D}.Debug|ARM.Build.0 = Debug|Any CPU
		{96A4C451-3F6E-4192-A273-4776E892BB4D}.Debug|ARM64.ActiveCfg = Debug|Any CPU
		{96A4C451-3F6E-4192-A273-4776E892BB4D}.Debug|ARM64.Build.0 = Debug|Any CPU
		{96A4C451-3F6E-4192-A273-4776E892BB4D}.Debug|x64.ActiveCfg = Debug|Any CPU
		{96A4C451-3F6E-4192-A273-4776E892BB4D}.Debug|x64.Build.0 = Debug|Any CPU
		{96A4C451-3F6E-4192-A273-4776E892BB4D}.Debug|x86.ActiveCfg = Debug|Any CPU
		{96A4C451-3F6E-4192-A273-4776E892BB4D}.Debug|x86.Build.0 = Debug|Any CPU
		{96A4C451-3F6E-4192-A273-4776E892BB4D}.Release|Any CPU.ActiveCfg = Release|Any CPU
		{96A4C451-3F6E-4192-A273-4776E892BB4D}.Release|Any CPU.Build.0 = Release|Any CPU
		{96A4C451-3F6E-4192-A273-4776E892BB4D}.Release|ARM.ActiveCfg = Release|Any CPU
		{96A4C451-3F6E-4192-A273-4776E892BB4D}.Release|ARM.Build.0 = Release|Any CPU
		{96A4C451-3F6E-4192-A273-4776E892BB4D}.Release|ARM64.ActiveCfg = Release|Any CPU
		{96A4C451-3F6E-4192-A273-4776E892BB4D}.Release|ARM64.Build.0 = Release|Any CPU
		{96A4C451-3F6E-4192-A273-4776E892BB4D}.Release|x64.ActiveCfg = Release|Any CPU
		{96A4C451-3F6E-4192-A273-4776E892BB4D}.Release|x64.Build.0 = Release|Any CPU
		{96A4C451-3F6E-4192-A273-4776E892BB4D}.Release|x86.ActiveCfg = Release|Any CPU
		{96A4C451-3F6E-4192-A273-4776E892BB4D}.Release|x86.Build.0 = Release|Any CPU
		{4AFCAD35-889B-4BF4-8B41-BD97A23CACB5}.All|Any CPU.ActiveCfg = Release|Any CPU
		{4AFCAD35-889B-4BF4-8B41-BD97A23CACB5}.All|Any CPU.Build.0 = Release|Any CPU
		{4AFCAD35-889B-4BF4-8B41-BD97A23CACB5}.All|ARM.ActiveCfg = Release|Any CPU
		{4AFCAD35-889B-4BF4-8B41-BD97A23CACB5}.All|ARM.Build.0 = Release|Any CPU
		{4AFCAD35-889B-4BF4-8B41-BD97A23CACB5}.All|ARM64.ActiveCfg = Release|Any CPU
		{4AFCAD35-889B-4BF4-8B41-BD97A23CACB5}.All|ARM64.Build.0 = Release|Any CPU
		{4AFCAD35-889B-4BF4-8B41-BD97A23CACB5}.All|x64.ActiveCfg = Release|Any CPU
		{4AFCAD35-889B-4BF4-8B41-BD97A23CACB5}.All|x64.Build.0 = Release|Any CPU
		{4AFCAD35-889B-4BF4-8B41-BD97A23CACB5}.All|x86.ActiveCfg = Release|Any CPU
		{4AFCAD35-889B-4BF4-8B41-BD97A23CACB5}.All|x86.Build.0 = Release|Any CPU
		{4AFCAD35-889B-4BF4-8B41-BD97A23CACB5}.Debug|Any CPU.ActiveCfg = Debug|Any CPU
		{4AFCAD35-889B-4BF4-8B41-BD97A23CACB5}.Debug|Any CPU.Build.0 = Debug|Any CPU
		{4AFCAD35-889B-4BF4-8B41-BD97A23CACB5}.Debug|ARM.ActiveCfg = Debug|Any CPU
		{4AFCAD35-889B-4BF4-8B41-BD97A23CACB5}.Debug|ARM.Build.0 = Debug|Any CPU
		{4AFCAD35-889B-4BF4-8B41-BD97A23CACB5}.Debug|ARM64.ActiveCfg = Debug|Any CPU
		{4AFCAD35-889B-4BF4-8B41-BD97A23CACB5}.Debug|ARM64.Build.0 = Debug|Any CPU
		{4AFCAD35-889B-4BF4-8B41-BD97A23CACB5}.Debug|x64.ActiveCfg = Debug|Any CPU
		{4AFCAD35-889B-4BF4-8B41-BD97A23CACB5}.Debug|x64.Build.0 = Debug|Any CPU
		{4AFCAD35-889B-4BF4-8B41-BD97A23CACB5}.Debug|x86.ActiveCfg = Debug|Any CPU
		{4AFCAD35-889B-4BF4-8B41-BD97A23CACB5}.Debug|x86.Build.0 = Debug|Any CPU
		{4AFCAD35-889B-4BF4-8B41-BD97A23CACB5}.Release|Any CPU.ActiveCfg = Release|Any CPU
		{4AFCAD35-889B-4BF4-8B41-BD97A23CACB5}.Release|Any CPU.Build.0 = Release|Any CPU
		{4AFCAD35-889B-4BF4-8B41-BD97A23CACB5}.Release|ARM.ActiveCfg = Release|Any CPU
		{4AFCAD35-889B-4BF4-8B41-BD97A23CACB5}.Release|ARM.Build.0 = Release|Any CPU
		{4AFCAD35-889B-4BF4-8B41-BD97A23CACB5}.Release|ARM64.ActiveCfg = Release|Any CPU
		{4AFCAD35-889B-4BF4-8B41-BD97A23CACB5}.Release|ARM64.Build.0 = Release|Any CPU
		{4AFCAD35-889B-4BF4-8B41-BD97A23CACB5}.Release|x64.ActiveCfg = Release|Any CPU
		{4AFCAD35-889B-4BF4-8B41-BD97A23CACB5}.Release|x64.Build.0 = Release|Any CPU
		{4AFCAD35-889B-4BF4-8B41-BD97A23CACB5}.Release|x86.ActiveCfg = Release|Any CPU
		{4AFCAD35-889B-4BF4-8B41-BD97A23CACB5}.Release|x86.Build.0 = Release|Any CPU
		{806D91C4-A85B-4AD9-84A7-6B4DB89E8C09}.All|Any CPU.ActiveCfg = DefaultBuild
		{806D91C4-A85B-4AD9-84A7-6B4DB89E8C09}.All|Any CPU.Build.0 = DefaultBuild
		{806D91C4-A85B-4AD9-84A7-6B4DB89E8C09}.All|ARM.ActiveCfg = DefaultBuild
		{806D91C4-A85B-4AD9-84A7-6B4DB89E8C09}.All|ARM.Build.0 = DefaultBuild
		{806D91C4-A85B-4AD9-84A7-6B4DB89E8C09}.All|ARM64.ActiveCfg = DefaultBuild
		{806D91C4-A85B-4AD9-84A7-6B4DB89E8C09}.All|ARM64.Build.0 = DefaultBuild
		{806D91C4-A85B-4AD9-84A7-6B4DB89E8C09}.All|x64.ActiveCfg = DefaultBuild
		{806D91C4-A85B-4AD9-84A7-6B4DB89E8C09}.All|x64.Build.0 = DefaultBuild
		{806D91C4-A85B-4AD9-84A7-6B4DB89E8C09}.All|x86.ActiveCfg = DefaultBuild
		{806D91C4-A85B-4AD9-84A7-6B4DB89E8C09}.All|x86.Build.0 = DefaultBuild
		{806D91C4-A85B-4AD9-84A7-6B4DB89E8C09}.Debug|Any CPU.ActiveCfg = DefaultBuild
		{806D91C4-A85B-4AD9-84A7-6B4DB89E8C09}.Debug|Any CPU.Build.0 = DefaultBuild
		{806D91C4-A85B-4AD9-84A7-6B4DB89E8C09}.Debug|ARM.ActiveCfg = DefaultBuild
		{806D91C4-A85B-4AD9-84A7-6B4DB89E8C09}.Debug|ARM.Build.0 = DefaultBuild
		{806D91C4-A85B-4AD9-84A7-6B4DB89E8C09}.Debug|ARM64.ActiveCfg = DefaultBuild
		{806D91C4-A85B-4AD9-84A7-6B4DB89E8C09}.Debug|ARM64.Build.0 = DefaultBuild
		{806D91C4-A85B-4AD9-84A7-6B4DB89E8C09}.Debug|x64.ActiveCfg = DefaultBuild
		{806D91C4-A85B-4AD9-84A7-6B4DB89E8C09}.Debug|x64.Build.0 = DefaultBuild
		{806D91C4-A85B-4AD9-84A7-6B4DB89E8C09}.Debug|x86.ActiveCfg = DefaultBuild
		{806D91C4-A85B-4AD9-84A7-6B4DB89E8C09}.Debug|x86.Build.0 = DefaultBuild
		{806D91C4-A85B-4AD9-84A7-6B4DB89E8C09}.Release|Any CPU.ActiveCfg = DefaultBuild
		{806D91C4-A85B-4AD9-84A7-6B4DB89E8C09}.Release|Any CPU.Build.0 = DefaultBuild
		{806D91C4-A85B-4AD9-84A7-6B4DB89E8C09}.Release|ARM.ActiveCfg = DefaultBuild
		{806D91C4-A85B-4AD9-84A7-6B4DB89E8C09}.Release|ARM.Build.0 = DefaultBuild
		{806D91C4-A85B-4AD9-84A7-6B4DB89E8C09}.Release|ARM64.ActiveCfg = DefaultBuild
		{806D91C4-A85B-4AD9-84A7-6B4DB89E8C09}.Release|ARM64.Build.0 = DefaultBuild
		{806D91C4-A85B-4AD9-84A7-6B4DB89E8C09}.Release|x64.ActiveCfg = DefaultBuild
		{806D91C4-A85B-4AD9-84A7-6B4DB89E8C09}.Release|x64.Build.0 = DefaultBuild
		{806D91C4-A85B-4AD9-84A7-6B4DB89E8C09}.Release|x86.ActiveCfg = DefaultBuild
		{806D91C4-A85B-4AD9-84A7-6B4DB89E8C09}.Release|x86.Build.0 = DefaultBuild
		{16698C06-C5A2-4750-876C-F483DB78BE97}.All|Any CPU.ActiveCfg = Release|Any CPU
		{16698C06-C5A2-4750-876C-F483DB78BE97}.All|Any CPU.Build.0 = Release|Any CPU
		{16698C06-C5A2-4750-876C-F483DB78BE97}.All|ARM.ActiveCfg = Release|Any CPU
		{16698C06-C5A2-4750-876C-F483DB78BE97}.All|ARM.Build.0 = Release|Any CPU
		{16698C06-C5A2-4750-876C-F483DB78BE97}.All|ARM64.ActiveCfg = Release|Any CPU
		{16698C06-C5A2-4750-876C-F483DB78BE97}.All|ARM64.Build.0 = Release|Any CPU
		{16698C06-C5A2-4750-876C-F483DB78BE97}.All|x64.ActiveCfg = Release|Any CPU
		{16698C06-C5A2-4750-876C-F483DB78BE97}.All|x64.Build.0 = Release|Any CPU
		{16698C06-C5A2-4750-876C-F483DB78BE97}.All|x86.ActiveCfg = Release|Any CPU
		{16698C06-C5A2-4750-876C-F483DB78BE97}.All|x86.Build.0 = Release|Any CPU
		{16698C06-C5A2-4750-876C-F483DB78BE97}.Debug|Any CPU.ActiveCfg = Debug|Any CPU
		{16698C06-C5A2-4750-876C-F483DB78BE97}.Debug|Any CPU.Build.0 = Debug|Any CPU
		{16698C06-C5A2-4750-876C-F483DB78BE97}.Debug|ARM.ActiveCfg = Debug|Any CPU
		{16698C06-C5A2-4750-876C-F483DB78BE97}.Debug|ARM.Build.0 = Debug|Any CPU
		{16698C06-C5A2-4750-876C-F483DB78BE97}.Debug|ARM64.ActiveCfg = Debug|Any CPU
		{16698C06-C5A2-4750-876C-F483DB78BE97}.Debug|ARM64.Build.0 = Debug|Any CPU
		{16698C06-C5A2-4750-876C-F483DB78BE97}.Debug|x64.ActiveCfg = Debug|Any CPU
		{16698C06-C5A2-4750-876C-F483DB78BE97}.Debug|x64.Build.0 = Debug|Any CPU
		{16698C06-C5A2-4750-876C-F483DB78BE97}.Debug|x86.ActiveCfg = Debug|Any CPU
		{16698C06-C5A2-4750-876C-F483DB78BE97}.Debug|x86.Build.0 = Debug|Any CPU
		{16698C06-C5A2-4750-876C-F483DB78BE97}.Release|Any CPU.ActiveCfg = Release|Any CPU
		{16698C06-C5A2-4750-876C-F483DB78BE97}.Release|Any CPU.Build.0 = Release|Any CPU
		{16698C06-C5A2-4750-876C-F483DB78BE97}.Release|ARM.ActiveCfg = Release|Any CPU
		{16698C06-C5A2-4750-876C-F483DB78BE97}.Release|ARM.Build.0 = Release|Any CPU
		{16698C06-C5A2-4750-876C-F483DB78BE97}.Release|ARM64.ActiveCfg = Release|Any CPU
		{16698C06-C5A2-4750-876C-F483DB78BE97}.Release|ARM64.Build.0 = Release|Any CPU
		{16698C06-C5A2-4750-876C-F483DB78BE97}.Release|x64.ActiveCfg = Release|Any CPU
		{16698C06-C5A2-4750-876C-F483DB78BE97}.Release|x64.Build.0 = Release|Any CPU
		{16698C06-C5A2-4750-876C-F483DB78BE97}.Release|x86.ActiveCfg = Release|Any CPU
		{16698C06-C5A2-4750-876C-F483DB78BE97}.Release|x86.Build.0 = Release|Any CPU
	EndGlobalSection
	GlobalSection(SolutionProperties) = preSolution
		HideSolutionNode = FALSE
	EndGlobalSection
	GlobalSection(ExtensibilityGlobals) = postSolution
		SolutionGuid = {172DB531-584C-42AC-8ADD-F43DAFE37E8B}
	EndGlobalSection
EndGlobal
